{
  "object": {
    "pins": [
      {
        "package": "Poly",
        "repositoryURL": "https://github.com/seocore/Poly.git",
        "state": {
          "branch": "main",
          "revision": "ae70b64446adb19597c8ece324b743c14869a42e",
          "version": null
        }
      }
    ]
  },
  "version": 1
}
